# THIS IS AN AUTOGENERATED FILE. DO NOT EDIT THIS FILE DIRECTLY.
# yarn lockfile v1


icu@^2.2.0:
  version "2.2.0"
  resolved "https://registry.yarnpkg.com/icu/-/icu-2.2.0.tgz#caa394e3ce9c8a1dc57c7b9e9662cea7e9599f15"
  integrity sha512-RqyOce/uORiFc6kL9YmoqlMg2S8VGqv/oIRL11zAhs9JR/yFr+CK4mSI/cy1gT43Xc0h0MjsTt3YKJWdDSrs0A==
